// !$*UTF8*$!
{
	archiveVersion = 1;
	classes = {
	};
	objectVersion = 50;
	objects = {

/* Begin PBXBuildFile section */
		2D168541268779980016509C /* AppDelegate.swift in Sources */ = {isa = PBXBuildFile; fileRef = 2D168540268779980016509C /* AppDelegate.swift */; };
		2D168543268779980016509C /* SceneDelegate.swift in Sources */ = {isa = PBXBuildFile; fileRef = 2D168542268779980016509C /* SceneDelegate.swift */; };
		2D168545268779980016509C /* ViewController.swift in Sources */ = {isa = PBXBuildFile; fileRef = 2D168544268779980016509C /* ViewController.swift */; };
		2D168548268779980016509C /* Main.storyboard in Resources */ = {isa = PBXBuildFile; fileRef = 2D168546268779980016509C /* Main.storyboard */; };
		2D16854B268779980016509C /* news_mobile_app.xcdatamodeld in Sources */ = {isa = PBXBuildFile; fileRef = 2D168549268779980016509C /* news_mobile_app.xcdatamodeld */; };
		2D16854D2687799B0016509C /* Assets.xcassets in Resources */ = {isa = PBXBuildFile; fileRef = 2D16854C2687799B0016509C /* Assets.xcassets */; };
		2D1685502687799B0016509C /* LaunchScreen.storyboard in Resources */ = {isa = PBXBuildFile; fileRef = 2D16854E2687799B0016509C /* LaunchScreen.storyboard */; };
		2D16855B2687799B0016509C /* news_mobile_appTests.swift in Sources */ = {isa = PBXBuildFile; fileRef = 2D16855A2687799B0016509C /* news_mobile_appTests.swift */; };
		2D1685662687799B0016509C /* news_mobile_appUITests.swift in Sources */ = {isa = PBXBuildFile; fileRef = 2D1685652687799B0016509C /* news_mobile_appUITests.swift */; };
/* End PBXBuildFile section */

/* Begin PBXContainerItemProxy section */
		2D1685572687799B0016509C /* PBXContainerItemProxy */ = {
			isa = PBXContainerItemProxy;
			containerPortal = 2D168535268779980016509C /* Project object */;
			proxyType = 1;
			remoteGlobalIDString = 2D16853C268779980016509C;
			remoteInfo = "news-mobile-app";
		};
		2D1685622687799B0016509C /* PBXContainerItemProxy */ = {
			isa = PBXContainerItemProxy;
			containerPortal = 2D168535268779980016509C /* Project object */;
			proxyType = 1;
			remoteGlobalIDString = 2D16853C268779980016509C;
			remoteInfo = "news-mobile-app";
		};
/* End PBXContainerItemProxy section */

/* Begin PBXFileReference section */
		2D16853D268779980016509C /* news-mobile-app.app */ = {isa = PBXFileReference; explicitFileType = wrapper.application; includeInIndex = 0; path = "news-mobile-app.app"; sourceTree = BUILT_PRODUCTS_DIR; };
		2D168540268779980016509C /* AppDelegate.swift */ = {isa = PBXFileReference; lastKnownFileType = sourcecode.swift; path = AppDelegate.swift; sourceTree = "<group>"; };
		2D168542268779980016509C /* SceneDelegate.swift */ = {isa = PBXFileReference; lastKnownFileType = sourcecode.swift; path = SceneDelegate.swift; sourceTree = "<group>"; };
		2D168544268779980016509C /* ViewController.swift */ = {isa = PBXFileReference; lastKnownFileType = sourcecode.swift; path = ViewController.swift; sourceTree = "<group>"; };
		2D168547268779980016509C /* Base */ = {isa = PBXFileReference; lastKnownFileType = file.storyboard; name = Base; path = Base.lproj/Main.storyboard; sourceTree = "<group>"; };
		2D16854A268779980016509C /* news_mobile_app.xcdatamodel */ = {isa = PBXFileReference; lastKnownFileType = wrapper.xcdatamodel; path = news_mobile_app.xcdatamodel; sourceTree = "<group>"; };
		2D16854C2687799B0016509C /* Assets.xcassets */ = {isa = PBXFileReference; lastKnownFileType = folder.assetcatalog; path = Assets.xcassets; sourceTree = "<group>"; };
		2D16854F2687799B0016509C /* Base */ = {isa = PBXFileReference; lastKnownFileType = file.storyboard; name = Base; path = Base.lproj/LaunchScreen.storyboard; sourceTree = "<group>"; };
		2D1685512687799B0016509C /* Info.plist */ = {isa = PBXFileReference; lastKnownFileType = text.plist.xml; path = Info.plist; sourceTree = "<group>"; };
		2D1685562687799B0016509C /* news-mobile-appTests.xctest */ = {isa = PBXFileReference; explicitFileType = wrapper.cfbundle; includeInIndex = 0; path = "news-mobile-appTests.xctest"; sourceTree = BUILT_PRODUCTS_DIR; };
		2D16855A2687799B0016509C /* news_mobile_appTests.swift */ = {isa = PBXFileReference; lastKnownFileType = sourcecode.swift; path = news_mobile_appTests.swift; sourceTree = "<group>"; };
		2D16855C2687799B0016509C /* Info.plist */ = {isa = PBXFileReference; lastKnownFileType = text.plist.xml; path = Info.plist; sourceTree = "<group>"; };
		2D1685612687799B0016509C /* news-mobile-appUITests.xctest */ = {isa = PBXFileReference; explicitFileType = wrapper.cfbundle; includeInIndex = 0; path = "news-mobile-appUITests.xctest"; sourceTree = BUILT_PRODUCTS_DIR; };
		2D1685652687799B0016509C /* news_mobile_appUITests.swift */ = {isa = PBXFileReference; lastKnownFileType = sourcecode.swift; path = news_mobile_appUITests.swift; sourceTree = "<group>"; };
		2D1685672687799B0016509C /* Info.plist */ = {isa = PBXFileReference; lastKnownFileType = text.plist.xml; path = Info.plist; sourceTree = "<group>"; };
/* End PBXFileReference section */

/* Begin PBXFrameworksBuildPhase section */
		2D16853A268779980016509C /* Frameworks */ = {
			isa = PBXFrameworksBuildPhase;
			buildActionMask = 2147483647;
			files = (
			);
			runOnlyForDeploymentPostprocessing = 0;
		};
		2D1685532687799B0016509C /* Frameworks */ = {
			isa = PBXFrameworksBuildPhase;
			buildActionMask = 2147483647;
			files = (
			);
			runOnlyForDeploymentPostprocessing = 0;
		};
		2D16855E2687799B0016509C /* Frameworks */ = {
			isa = PBXFrameworksBuildPhase;
			buildActionMask = 2147483647;
			files = (
			);
			runOnlyForDeploymentPostprocessing = 0;
		};
/* End PBXFrameworksBuildPhase section */

/* Begin PBXGroup section */
		2D168534268779980016509C = {
			isa = PBXGroup;
			children = (
				2D16853F268779980016509C /* news-mobile-app */,
				2D1685592687799B0016509C /* news-mobile-appTests */,
				2D1685642687799B0016509C /* news-mobile-appUITests */,
				2D16853E268779980016509C /* Products */,
			);
			sourceTree = "<group>";
		};
		2D16853E268779980016509C /* Products */ = {
			isa = PBXGroup;
			children = (
				2D16853D268779980016509C /* news-mobile-app.app */,
				2D1685562687799B0016509C /* news-mobile-appTests.xctest */,
				2D1685612687799B0016509C /* news-mobile-appUITests.xctest */,
			);
			name = Products;
			sourceTree = "<group>";
		};
		2D16853F268779980016509C /* news-mobile-app */ = {
			isa = PBXGroup;
			children = (
				2D168540268779980016509C /* AppDelegate.swift */,
				2D168542268779980016509C /* SceneDelegate.swift */,
				2D168544268779980016509C /* ViewController.swift */,
				2D168546268779980016509C /* Main.storyboard */,
				2D16854C2687799B0016509C /* Assets.xcassets */,
				2D16854E2687799B0016509C /* LaunchScreen.storyboard */,
				2D1685512687799B0016509C /* Info.plist */,
				2D168549268779980016509C /* news_mobile_app.xcdatamodeld */,
			);
			path = "news-mobile-app";
			sourceTree = "<group>";
		};
		2D1685592687799B0016509C /* news-mobile-appTests */ = {
			isa = PBXGroup;
			children = (
				2D16855A2687799B0016509C /* news_mobile_appTests.swift */,
				2D16855C2687799B0016509C /* Info.plist */,
			);
			path = "news-mobile-appTests";
			sourceTree = "<group>";
		};
		2D1685642687799B0016509C /* news-mobile-appUITests */ = {
			isa = PBXGroup;
			children = (
				2D1685652687799B0016509C /* news_mobile_appUITests.swift */,
				2D1685672687799B0016509C /* Info.plist */,
			);
			path = "news-mobile-appUITests";
			sourceTree = "<group>";
		};
/* End PBXGroup section */

/* Begin PBXNativeTarget section */
		2D16853C268779980016509C /* news-mobile-app */ = {
			isa = PBXNativeTarget;
			buildConfigurationList = 2D16856A2687799B0016509C /* Build configuration list for PBXNativeTarget "news-mobile-app" */;
			buildPhases = (
				2D168539268779980016509C /* Sources */,
				2D16853A268779980016509C /* Frameworks */,
				2D16853B268779980016509C /* Resources */,
			);
			buildRules = (
			);
			dependencies = (
			);
			name = "news-mobile-app";
			productName = "news-mobile-app";
			productReference = 2D16853D268779980016509C /* news-mobile-app.app */;
			productType = "com.apple.product-type.application";
		};
		2D1685552687799B0016509C /* news-mobile-appTests */ = {
			isa = PBXNativeTarget;
			buildConfigurationList = 2D16856D2687799B0016509C /* Build configuration list for PBXNativeTarget "news-mobile-appTests" */;
			buildPhases = (
				2D1685522687799B0016509C /* Sources */,
				2D1685532687799B0016509C /* Frameworks */,
				2D1685542687799B0016509C /* Resources */,
			);
			buildRules = (
			);
			dependencies = (
				2D1685582687799B0016509C /* PBXTargetDependency */,
			);
			name = "news-mobile-appTests";
			productName = "news-mobile-appTests";
			productReference = 2D1685562687799B0016509C /* news-mobile-appTests.xctest */;
			productType = "com.apple.product-type.bundle.unit-test";
		};
		2D1685602687799B0016509C /* news-mobile-appUITests */ = {
			isa = PBXNativeTarget;
			buildConfigurationList = 2D1685702687799B0016509C /* Build configuration list for PBXNativeTarget "news-mobile-appUITests" */;
			buildPhases = (
				2D16855D2687799B0016509C /* Sources */,
				2D16855E2687799B0016509C /* Frameworks */,
				2D16855F2687799B0016509C /* Resources */,
			);
			buildRules = (
			);
			dependencies = (
				2D1685632687799B0016509C /* PBXTargetDependency */,
			);
			name = "news-mobile-appUITests";
			productName = "news-mobile-appUITests";
			productReference = 2D1685612687799B0016509C /* news-mobile-appUITests.xctest */;
			productType = "com.apple.product-type.bundle.ui-testing";
		};
/* End PBXNativeTarget section */

/* Begin PBXProject section */
		2D168535268779980016509C /* Project object */ = {
			isa = PBXProject;
			attributes = {
				LastSwiftUpdateCheck = 1250;
				LastUpgradeCheck = 1250;
				TargetAttributes = {
					2D16853C268779980016509C = {
						CreatedOnToolsVersion = 12.5.1;
					};
					2D1685552687799B0016509C = {
						CreatedOnToolsVersion = 12.5.1;
						TestTargetID = 2D16853C268779980016509C;
					};
					2D1685602687799B0016509C = {
						CreatedOnToolsVersion = 12.5.1;
						TestTargetID = 2D16853C268779980016509C;
					};
				};
			};
			buildConfigurationList = 2D168538268779980016509C /* Build configuration list for PBXProject "news-mobile-app" */;
			compatibilityVersion = "Xcode 9.3";
			developmentRegion = en;
			hasScannedForEncodings = 0;
			knownRegions = (
				en,
				Base,
			);
			mainGroup = 2D168534268779980016509C;
			productRefGroup = 2D16853E268779980016509C /* Products */;
			projectDirPath = "";
			projectRoot = "";
			targets = (
				2D16853C268779980016509C /* news-mobile-app */,
				2D1685552687799B0016509C /* news-mobile-appTests */,
				2D1685602687799B0016509C /* news-mobile-appUITests */,
			);
		};
/* End PBXProject section */

/* Begin PBXResourcesBuildPhase section */
		2D16853B268779980016509C /* Resources */ = {
			isa = PBXResourcesBuildPhase;
			buildActionMask = 2147483647;
			files = (
				2D1685502687799B0016509C /* LaunchScreen.storyboard in Resources */,
				2D16854D2687799B0016509C /* Assets.xcassets in Resources */,
				2D168548268779980016509C /* Main.storyboard in Resources */,
			);
			runOnlyForDeploymentPostprocessing = 0;
		};
		2D1685542687799B0016509C /* Resources */ = {
			isa = PBXResourcesBuildPhase;
			buildActionMask = 2147483647;
			files = (
			);
			runOnlyForDeploymentPostprocessing = 0;
		};
		2D16855F2687799B0016509C /* Resources */ = {
			isa = PBXResourcesBuildPhase;
			buildActionMask = 2147483647;
			files = (
			);
			runOnlyForDeploymentPostprocessing = 0;
		};
/* End PBXResourcesBuildPhase section */

/* Begin PBXSourcesBuildPhase section */
		2D168539268779980016509C /* Sources */ = {
			isa = PBXSourcesBuildPhase;
			buildActionMask = 2147483647;
			files = (
				2D16854B268779980016509C /* news_mobile_app.xcdatamodeld in Sources */,
				2D168545268779980016509C /* ViewController.swift in Sources */,
				2D168541268779980016509C /* AppDelegate.swift in Sources */,
				2D168543268779980016509C /* SceneDelegate.swift in Sources */,
			);
			runOnlyForDeploymentPostprocessing = 0;
		};
		2D1685522687799B0016509C /* Sources */ = {
			isa = PBXSourcesBuildPhase;
			buildActionMask = 2147483647;
			files = (
				2D16855B2687799B0016509C /* news_mobile_appTests.swift in Sources */,
			);
			runOnlyForDeploymentPostprocessing = 0;
		};
		2D16855D2687799B0016509C /* Sources */ = {
			isa = PBXSourcesBuildPhase;
			buildActionMask = 2147483647;
			files = (
				2D1685662687799B0016509C /* news_mobile_appUITests.swift in Sources */,
			);
			runOnlyForDeploymentPostprocessing = 0;
		};
/* End PBXSourcesBuildPhase section */

/* Begin PBXTargetDependency section */
		2D1685582687799B0016509C /* PBXTargetDependency */ = {
			isa = PBXTargetDependency;
			target = 2D16853C268779980016509C /* news-mobile-app */;
			targetProxy = 2D1685572687799B0016509C /* PBXContainerItemProxy */;
		};
		2D1685632687799B0016509C /* PBXTargetDependency */ = {
			isa = PBXTargetDependency;
			target = 2D16853C268779980016509C /* news-mobile-app */;
			targetProxy = 2D1685622687799B0016509C /* PBXContainerItemProxy */;
		};
/* End PBXTargetDependency section */

/* Begin PBXVariantGroup section */
		2D168546268779980016509C /* Main.storyboard */ = {
			isa = PBXVariantGroup;
			children = (
				2D168547268779980016509C /* Base */,
			);
			name = Main.storyboard;
			sourceTree = "<group>";
		};
		2D16854E2687799B0016509C /* LaunchScreen.storyboard */ = {
			isa = PBXVariantGroup;
			children = (
				2D16854F2687799B0016509C /* Base */,
			);
			name = LaunchScreen.storyboard;
			sourceTree = "<group>";
		};
/* End PBXVariantGroup section */

/* Begin XCBuildConfiguration section */
		2D1685682687799B0016509C /* Debug */ = {
			isa = XCBuildConfiguration;
			buildSettings = {
				ALWAYS_SEARCH_USER_PATHS = NO;
				CLANG_ANALYZER_NONNULL = YES;
				CLANG_ANALYZER_NUMBER_OBJECT_CONVERSION = YES_AGGRESSIVE;
				CLANG_CXX_LANGUAGE_STANDARD = "gnu++14";
				CLANG_CXX_LIBRARY = "libc++";
				CLANG_ENABLE_MODULES = YES;
				CLANG_ENABLE_OBJC_ARC = YES;
				CLANG_ENABLE_OBJC_WEAK = YES;
				CLANG_WARN_BLOCK_CAPTURE_AUTORELEASING = YES;
				CLANG_WARN_BOOL_CONVERSION = YES;
				CLANG_WARN_COMMA = YES;
				CLANG_WARN_CONSTANT_CONVERSION = YES;
				CLANG_WARN_DEPRECATED_OBJC_IMPLEMENTATIONS = YES;
				CLANG_WARN_DIRECT_OBJC_ISA_USAGE = YES_ERROR;
				CLANG_WARN_DOCUMENTATION_COMMENTS = YES;
				CLANG_WARN_EMPTY_BODY = YES;
				CLANG_WARN_ENUM_CONVERSION = YES;
				CLANG_WARN_INFINITE_RECURSION = YES;
				CLANG_WARN_INT_CONVERSION = YES;
				CLANG_WARN_NON_LITERAL_NULL_CONVERSION = YES;
				CLANG_WARN_OBJC_IMPLICIT_RETAIN_SELF = YES;
				CLANG_WARN_OBJC_LITERAL_CONVERSION = YES;
				CLANG_WARN_OBJC_ROOT_CLASS = YES_ERROR;
				CLANG_WARN_QUOTED_INCLUDE_IN_FRAMEWORK_HEADER = YES;
				CLANG_WARN_RANGE_LOOP_ANALYSIS = YES;
				CLANG_WARN_STRICT_PROTOTYPES = YES;
				CLANG_WARN_SUSPICIOUS_MOVE = YES;
				CLANG_WARN_UNGUARDED_AVAILABILITY = YES_AGGRESSIVE;
				CLANG_WARN_UNREACHABLE_CODE = YES;
				CLANG_WARN__DUPLICATE_METHOD_MATCH = YES;
				COPY_PHASE_STRIP = NO;
				DEBUG_INFORMATION_FORMAT = dwarf;
				ENABLE_STRICT_OBJC_MSGSEND = YES;
				ENABLE_TESTABILITY = YES;
				GCC_C_LANGUAGE_STANDARD = gnu11;
				GCC_DYNAMIC_NO_PIC = NO;
				GCC_NO_COMMON_BLOCKS = YES;
				GCC_OPTIMIZATION_LEVEL = 0;
				GCC_PREPROCESSOR_DEFINITIONS = (
					"DEBUG=1",
					"$(inherited)",
				);
				GCC_WARN_64_TO_32_BIT_CONVERSION = YES;
				GCC_WARN_ABOUT_RETURN_TYPE = YES_ERROR;
				GCC_WARN_UNDECLARED_SELECTOR = YES;
				GCC_WARN_UNINITIALIZED_AUTOS = YES_AGGRESSIVE;
				GCC_WARN_UNUSED_FUNCTION = YES;
				GCC_WARN_UNUSED_VARIABLE = YES;
				IPHONEOS_DEPLOYMENT_TARGET = 14.5;
				MTL_ENABLE_DEBUG_INFO = INCLUDE_SOURCE;
				MTL_FAST_MATH = YES;
				ONLY_ACTIVE_ARCH = YES;
				SDKROOT = iphoneos;
				SWIFT_ACTIVE_COMPILATION_CONDITIONS = DEBUG;
				SWIFT_OPTIMIZATION_LEVEL = "-Onone";
			};
			name = Debug;
		};
		2D1685692687799B0016509C /* Release */ = {
			isa = XCBuildConfiguration;
			buildSettings = {
				ALWAYS_SEARCH_USER_PATHS = NO;
				CLANG_ANALYZER_NONNULL = YES;
				CLANG_ANALYZER_NUMBER_OBJECT_CONVERSION = YES_AGGRESSIVE;
				CLANG_CXX_LANGUAGE_STANDARD = "gnu++14";
				CLANG_CXX_LIBRARY = "libc++";
				CLANG_ENABLE_MODULES = YES;
				CLANG_ENABLE_OBJC_ARC = YES;
				CLANG_ENABLE_OBJC_WEAK = YES;
				CLANG_WARN_BLOCK_CAPTURE_AUTORELEASING = YES;
				CLANG_WARN_BOOL_CONVERSION = YES;
				CLANG_WARN_COMMA = YES;
				CLANG_WARN_CONSTANT_CONVERSION = YES;
				CLANG_WARN_DEPRECATED_OBJC_IMPLEMENTATIONS = YES;
				CLANG_WARN_DIRECT_OBJC_ISA_USAGE = YES_ERROR;
				CLANG_WARN_DOCUMENTATION_COMMENTS = YES;
				CLANG_WARN_EMPTY_BODY = YES;
				CLANG_WARN_ENUM_CONVERSION = YES;
				CLANG_WARN_INFINITE_RECURSION = YES;
				CLANG_WARN_INT_CONVERSION = YES;
				CLANG_WARN_NON_LITERAL_NULL_CONVERSION = YES;
				CLANG_WARN_OBJC_IMPLICIT_RETAIN_SELF = YES;
				CLANG_WARN_OBJC_LITERAL_CONVERSION = YES;
				CLANG_WARN_OBJC_ROOT_CLASS = YES_ERROR;
				CLANG_WARN_QUOTED_INCLUDE_IN_FRAMEWORK_HEADER = YES;
				CLANG_WARN_RANGE_LOOP_ANALYSIS = YES;
				CLANG_WARN_STRICT_PROTOTYPES = YES;
				CLANG_WARN_SUSPICIOUS_MOVE = YES;
				CLANG_WARN_UNGUARDED_AVAILABILITY = YES_AGGRESSIVE;
				CLANG_WARN_UNREACHABLE_CODE = YES;
				CLANG_WARN__DUPLICATE_METHOD_MATCH = YES;
				COPY_PHASE_STRIP = NO;
				DEBUG_INFORMATION_FORMAT = "dwarf-with-dsym";
				ENABLE_NS_ASSERTIONS = NO;
				ENABLE_STRICT_OBJC_MSGSEND = YES;
				GCC_C_LANGUAGE_STANDARD = gnu11;
				GCC_NO_COMMON_BLOCKS = YES;
				GCC_WARN_64_TO_32_BIT_CONVERSION = YES;
				GCC_WARN_ABOUT_RETURN_TYPE = YES_ERROR;
				GCC_WARN_UNDECLARED_SELECTOR = YES;
				GCC_WARN_UNINITIALIZED_AUTOS = YES_AGGRESSIVE;
				GCC_WARN_UNUSED_FUNCTION = YES;
				GCC_WARN_UNUSED_VARIABLE = YES;
				IPHONEOS_DEPLOYMENT_TARGET = 14.5;
				MTL_ENABLE_DEBUG_INFO = NO;
				MTL_FAST_MATH = YES;
				SDKROOT = iphoneos;
				SWIFT_COMPILATION_MODE = wholemodule;
				SWIFT_OPTIMIZATION_LEVEL = "-O";
				VALIDATE_PRODUCT = YES;
			};
			name = Release;
		};
		2D16856B2687799B0016509C /* Debug */ = {
			isa = XCBuildConfiguration;
			buildSettings = {
				ASSETCATALOG_COMPILER_APPICON_NAME = AppIcon;
				ASSETCATALOG_COMPILER_GLOBAL_ACCENT_COLOR_NAME = AccentColor;
				CODE_SIGN_STYLE = Automatic;
				DEVELOPMENT_TEAM = LP6JG8Y485;
				INFOPLIST_FILE = "news-mobile-app/Info.plist";
				LD_RUNPATH_SEARCH_PATHS = (
					"$(inherited)",
					"@executable_path/Frameworks",
				);
				PRODUCT_BUNDLE_IDENTIFIER = "home.news-mobile-app";
				PRODUCT_NAME = "$(TARGET_NAME)";
				SWIFT_VERSION = 5.0;
				TARGETED_DEVICE_FAMILY = "1,2";
			};
			name = Debug;
		};
		2D16856C2687799B0016509C /* Release */ = {
			isa = XCBuildConfiguration;
			buildSettings = {
				ASSETCATALOG_COMPILER_APPICON_NAME = AppIcon;
				ASSETCATALOG_COMPILER_GLOBAL_ACCENT_COLOR_NAME = AccentColor;
				CODE_SIGN_STYLE = Automatic;
				DEVELOPMENT_TEAM = LP6JG8Y485;
				INFOPLIST_FILE = "news-mobile-app/Info.plist";
				LD_RUNPATH_SEARCH_PATHS = (
					"$(inherited)",
					"@executable_path/Frameworks",
				);
				PRODUCT_BUNDLE_IDENTIFIER = "home.news-mobile-app";
				PRODUCT_NAME = "$(TARGET_NAME)";
				SWIFT_VERSION = 5.0;
				TARGETED_DEVICE_FAMILY = "1,2";
			};
			name = Release;
		};
		2D16856E2687799B0016509C /* Debug */ = {
			isa = XCBuildConfiguration;
			buildSettings = {
				ALWAYS_EMBED_SWIFT_STANDARD_LIBRARIES = YES;
				BUNDLE_LOADER = "$(TEST_HOST)";
				CODE_SIGN_STYLE = Automatic;
				DEVELOPMENT_TEAM = LP6JG8Y485;
				INFOPLIST_FILE = "news-mobile-appTests/Info.plist";
				IPHONEOS_DEPLOYMENT_TARGET = 14.5;
				LD_RUNPATH_SEARCH_PATHS = (
					"$(inherited)",
					"@executable_path/Frameworks",
					"@loader_path/Frameworks",
				);
				PRODUCT_BUNDLE_IDENTIFIER = "home.news-mobile-appTests";
				PRODUCT_NAME = "$(TARGET_NAME)";
				SWIFT_VERSION = 5.0;
				TARGETED_DEVICE_FAMILY = "1,2";
				TEST_HOST = "$(BUILT_PRODUCTS_DIR)/news-mobile-app.app/news-mobile-app";
			};
			name = Debug;
		};
		2D16856F2687799B0016509C /* Release */ = {
			isa = XCBuildConfiguration;
			buildSettings = {
				ALWAYS_EMBED_SWIFT_STANDARD_LIBRARIES = YES;
				BUNDLE_LOADER = "$(TEST_HOST)";
				CODE_SIGN_STYLE = Automatic;
				DEVELOPMENT_TEAM = LP6JG8Y485;
				INFOPLIST_FILE = "news-mobile-appTests/Info.plist";
				IPHONEOS_DEPLOYMENT_TARGET = 14.5;
				LD_RUNPATH_SEARCH_PATHS = (
					"$(inherited)",
					"@executable_path/Frameworks",
					"@loader_path/Frameworks",
				);
				PRODUCT_BUNDLE_IDENTIFIER = "home.news-mobile-appTests";
				PRODUCT_NAME = "$(TARGET_NAME)";
				SWIFT_VERSION = 5.0;
				TARGETED_DEVICE_FAMILY = "1,2";
				TEST_HOST = "$(BUILT_PRODUCTS_DIR)/news-mobile-app.app/news-mobile-app";
			};
			name = Release;
		};
		2D1685712687799B0016509C /* Debug */ = {
			isa = XCBuildConfiguration;
			buildSettings = {
				ALWAYS_EMBED_SWIFT_STANDARD_LIBRARIES = YES;
				CODE_SIGN_STYLE = Automatic;
				DEVELOPMENT_TEAM = LP6JG8Y485;
				INFOPLIST_FILE = "news-mobile-appUITests/Info.plist";
				LD_RUNPATH_SEARCH_PATHS = (
					"$(inherited)",
					"@executable_path/Frameworks",
					"@loader_path/Frameworks",
				);
				PRODUCT_BUNDLE_IDENTIFIER = "home.news-mobile-appUITests";
				PRODUCT_NAME = "$(TARGET_NAME)";
				SWIFT_VERSION = 5.0;
				TARGETED_DEVICE_FAMILY = "1,2";
				TEST_TARGET_NAME = "news-mobile-app";
			};
			name = Debug;
		};
		2D1685722687799B0016509C /* Release */ = {
			isa = XCBuildConfiguration;
			buildSettings = {
				ALWAYS_EMBED_SWIFT_STANDARD_LIBRARIES = YES;
				CODE_SIGN_STYLE = Automatic;
				DEVELOPMENT_TEAM = LP6JG8Y485;
				INFOPLIST_FILE = "news-mobile-appUITests/Info.plist";
				LD_RUNPATH_SEARCH_PATHS = (
					"$(inherited)",
					"@executable_path/Frameworks",
					"@loader_path/Frameworks",
				);
				PRODUCT_BUNDLE_IDENTIFIER = "home.news-mobile-appUITests";
				PRODUCT_NAME = "$(TARGET_NAME)";
				SWIFT_VERSION = 5.0;
				TARGETED_DEVICE_FAMILY = "1,2";
				TEST_TARGET_NAME = "news-mobile-app";
			};
			name = Release;
		};
/* End XCBuildConfiguration section */

/* Begin XCConfigurationList section */
		2D168538268779980016509C /* Build configuration list for PBXProject "news-mobile-app" */ = {
			isa = XCConfigurationList;
			buildConfigurations = (
				2D1685682687799B0016509C /* Debug */,
				2D1685692687799B0016509C /* Release */,
			);
			defaultConfigurationIsVisible = 0;
			defaultConfigurationName = Release;
		};
		2D16856A2687799B0016509C /* Build configuration list for PBXNativeTarget "news-mobile-app" */ = {
			isa = XCConfigurationList;
			buildConfigurations = (
				2D16856B2687799B0016509C /* Debug */,
				2D16856C2687799B0016509C /* Release */,
			);
			defaultConfigurationIsVisible = 0;
			defaultConfigurationName = Release;
		};
		2D16856D2687799B0016509C /* Build configuration list for PBXNativeTarget "news-mobile-appTests" */ = {
			isa = XCConfigurationList;
			buildConfigurations = (
				2D16856E2687799B0016509C /* Debug */,
				2D16856F2687799B0016509C /* Release */,
			);
			defaultConfigurationIsVisible = 0;
			defaultConfigurationName = Release;
		};
		2D1685702687799B0016509C /* Build configuration list for PBXNativeTarget "news-mobile-appUITests" */ = {
			isa = XCConfigurationList;
			buildConfigurations = (
				2D1685712687799B0016509C /* Debug */,
				2D1685722687799B0016509C /* Release */,
			);
			defaultConfigurationIsVisible = 0;
			defaultConfigurationName = Release;
		};
/* End XCConfigurationList section */

/* Begin XCVersionGroup section */
		2D168549268779980016509C /* news_mobile_app.xcdatamodeld */ = {
			isa = XCVersionGroup;
			children = (
				2D16854A268779980016509C /* news_mobile_app.xcdatamodel */,
			);
			currentVersion = 2D16854A268779980016509C /* news_mobile_app.xcdatamodel */;
			path = news_mobile_app.xcdatamodeld;
			sourceTree = "<group>";
			versionGroupType = wrapper.xcdatamodel;
		};
/* End XCVersionGroup section */
	};
	rootObject = 2D168535268779980016509C /* Project object */;
}
